
Microsoft Visual Studio Solution File, Format Version 12.00
# Visual Studio Version 17
VisualStudioVersion = 17.7.34031.279
MinimumVisualStudioVersion = 10.0.40219.1
Project("{FAE04EC0-301F-11D3-BF4B-00C04F79EFBC}") = "financepad", "financepad\financepad.csproj", "{3C28FD1D-EC20-40E7-9E98-948145B9F4F7}"
EndProject
Global
	GlobalSection(SolutionConfigurationPlatforms) = preSolution
		Debug|Any CPU = Debug|Any CPU
		Release|Any CPU = Release|Any CPU
	EndGlobalSection
	GlobalSection(ProjectConfigurationPlatforms) = postSolution
		{3C28FD1D-EC20-40E7-9E98-948145B9F4F7}.Debug|Any CPU.ActiveCfg = Debug|Any CPU
		{3C28FD1D-EC20-40E7-9E98-948145B9F4F7}.Debug|Any CPU.Build.0 = Debug|Any CPU
		{3C28FD1D-EC20-40E7-9E98-948145B9F4F7}.Release|Any CPU.ActiveCfg = Release|Any CPU
		{3C28FD1D-EC20-40E7-9E98-948145B9F4F7}.Release|Any CPU.Build.0 = Release|Any CPU
	EndGlobalSection
	GlobalSection(SolutionProperties) = preSolution
		HideSolutionNode = FALSE
	EndGlobalSection
	GlobalSection(ExtensibilityGlobals) = postSolution
		SolutionGuid = {1925AF6D-4C2A-4591-A837-1914E5BEDDB8}
	EndGlobalSection
EndGlobal
